// !$*UTF8*$!
{
	archiveVersion = 1;
	classes = {
	};
	objectVersion = 50;
	objects = {

/* Begin PBXBuildFile section */
		5ED22500271756440013CEB8 /* TeamRecruitmentWritingDescriptionCell.swift in Sources */ = {isa = PBXBuildFile; fileRef = 5ED224FE271756440013CEB8 /* TeamRecruitmentWritingDescriptionCell.swift */; };
		5ED22501271756440013CEB8 /* TeamRecruitmentWritingDescriptionCell.xib in Resources */ = {isa = PBXBuildFile; fileRef = 5ED224FF271756440013CEB8 /* TeamRecruitmentWritingDescriptionCell.xib */; };
		5ED22504271757D00013CEB8 /* TeamRecruitmentWritingPartCell.swift in Sources */ = {isa = PBXBuildFile; fileRef = 5ED22502271757D00013CEB8 /* TeamRecruitmentWritingPartCell.swift */; };
		5ED22505271757D00013CEB8 /* TeamRecruitmentWritingPartCell.xib in Resources */ = {isa = PBXBuildFile; fileRef = 5ED22503271757D00013CEB8 /* TeamRecruitmentWritingPartCell.xib */; };
		5ED225082717DF5C0013CEB8 /* TeamRecruitmentWritingMemberCell.swift in Sources */ = {isa = PBXBuildFile; fileRef = 5ED225062717DF5C0013CEB8 /* TeamRecruitmentWritingMemberCell.swift */; };
		5ED225092717DF5C0013CEB8 /* TeamRecruitmentWritingMemberCell.xib in Resources */ = {isa = PBXBuildFile; fileRef = 5ED225072717DF5C0013CEB8 /* TeamRecruitmentWritingMemberCell.xib */; };
		5ED2250C2717DF8E0013CEB8 /* TeamRecruitmentWritingLocationCell.swift in Sources */ = {isa = PBXBuildFile; fileRef = 5ED2250A2717DF8D0013CEB8 /* TeamRecruitmentWritingLocationCell.swift */; };
		5ED2250D2717DF8E0013CEB8 /* TeamRecruitmentWritingLocationCell.xib in Resources */ = {isa = PBXBuildFile; fileRef = 5ED2250B2717DF8E0013CEB8 /* TeamRecruitmentWritingLocationCell.xib */; };
		7C2060A1B418A53F47747CDA /* Pods_Budi.framework in Frameworks */ = {isa = PBXBuildFile; fileRef = 3D20131AEAD19181CEF5CF7C /* Pods_Budi.framework */; };
		A865B7C62717F4B6006E244F /* SelectPhotoCollectionViewCell.xib in Resources */ = {isa = PBXBuildFile; fileRef = A865B7BE2717F4B6006E244F /* SelectPhotoCollectionViewCell.xib */; };
		A865B7C72717F4B6006E244F /* LocationCollectionViewCell.swift in Sources */ = {isa = PBXBuildFile; fileRef = A865B7BF2717F4B6006E244F /* LocationCollectionViewCell.swift */; };
		A865B7C82717F4B6006E244F /* CalendarCollectionViewCell.xib in Resources */ = {isa = PBXBuildFile; fileRef = A865B7C02717F4B6006E244F /* CalendarCollectionViewCell.xib */; };
		A865B7C92717F4B6006E244F /* LocationCollectionViewCell.xib in Resources */ = {isa = PBXBuildFile; fileRef = A865B7C12717F4B6006E244F /* LocationCollectionViewCell.xib */; };
		A865B7CA2717F4B6006E244F /* CalendarCollectionViewCell.swift in Sources */ = {isa = PBXBuildFile; fileRef = A865B7C22717F4B6006E244F /* CalendarCollectionViewCell.swift */; };
		A865B7CD2717F4B6006E244F /* SelectPhotoCollectionViewCell.swift in Sources */ = {isa = PBXBuildFile; fileRef = A865B7C52717F4B6006E244F /* SelectPhotoCollectionViewCell.swift */; };
		A865B7D02717F8AE006E244F /* ProjectNameCollectionViewCell.xib in Resources */ = {isa = PBXBuildFile; fileRef = A865B7CE2717F8AE006E244F /* ProjectNameCollectionViewCell.xib */; };
		A865B7D12717F8AE006E244F /* ProjectNameCollectionViewCell.swift in Sources */ = {isa = PBXBuildFile; fileRef = A865B7CF2717F8AE006E244F /* ProjectNameCollectionViewCell.swift */; };
		B97DBB9527147D970018C1D2 /* UIViewController+identifer.swift in Sources */ = {isa = PBXBuildFile; fileRef = B97DBB9427147D970018C1D2 /* UIViewController+identifer.swift */; };
		B9BF787427004094000BE0EF /* AppDelegate.swift in Sources */ = {isa = PBXBuildFile; fileRef = B9BF787327004094000BE0EF /* AppDelegate.swift */; };
		B9BF787627004095000BE0EF /* SceneDelegate.swift in Sources */ = {isa = PBXBuildFile; fileRef = B9BF787527004095000BE0EF /* SceneDelegate.swift */; };
		B9BF787B27004095000BE0EF /* Main.storyboard in Resources */ = {isa = PBXBuildFile; fileRef = B9BF787927004095000BE0EF /* Main.storyboard */; };
		B9BF787D27004096000BE0EF /* Assets.xcassets in Resources */ = {isa = PBXBuildFile; fileRef = B9BF787C27004096000BE0EF /* Assets.xcassets */; };
		B9BF788027004096000BE0EF /* LaunchScreen.storyboard in Resources */ = {isa = PBXBuildFile; fileRef = B9BF787E27004096000BE0EF /* LaunchScreen.storyboard */; };
		B9D66EB927146DF900668490 /* TabBarCoordinator.swift in Sources */ = {isa = PBXBuildFile; fileRef = B9D66EB827146DF900668490 /* TabBarCoordinator.swift */; };
		B9D66EBB27146E1F00668490 /* MainTabBarCoordinator.swift in Sources */ = {isa = PBXBuildFile; fileRef = B9D66EBA27146E1F00668490 /* MainTabBarCoordinator.swift */; };
		B9D66EBD27146E4300668490 /* NavigationCoordinator.swift in Sources */ = {isa = PBXBuildFile; fileRef = B9D66EBC27146E4300668490 /* NavigationCoordinator.swift */; };
		B9D66EBF27146F2F00668490 /* TeamRecruitmentCoordinator.swift in Sources */ = {isa = PBXBuildFile; fileRef = B9D66EBE27146F2F00668490 /* TeamRecruitmentCoordinator.swift */; };
		B9D66EC42714703B00668490 /* TeamSearchCoordinator.swift in Sources */ = {isa = PBXBuildFile; fileRef = B9D66EC32714703B00668490 /* TeamSearchCoordinator.swift */; };
		B9D66EC62714706700668490 /* ChattingCoordinator.swift in Sources */ = {isa = PBXBuildFile; fileRef = B9D66EC52714706700668490 /* ChattingCoordinator.swift */; };
		B9D66EC82714707000668490 /* MyBudiCoordinator.swift in Sources */ = {isa = PBXBuildFile; fileRef = B9D66EC72714707000668490 /* MyBudiCoordinator.swift */; };
		B9D66ECC2714716400668490 /* TeamRecruitmentViewController.swift in Sources */ = {isa = PBXBuildFile; fileRef = B9D66ECB2714716400668490 /* TeamRecruitmentViewController.swift */; };
		B9D66ECE27147AEA00668490 /* TeamRecruitmentWritingViewController.swift in Sources */ = {isa = PBXBuildFile; fileRef = B9D66ECD27147AEA00668490 /* TeamRecruitmentWritingViewController.swift */; };
		CE79E3112717239400935133 /* .swiftlint.yml in Resources */ = {isa = PBXBuildFile; fileRef = CE79E3102717239400935133 /* .swiftlint.yml */; };
		CED5ADAC2716BBFD00CDCAA9 /* TeamRecruitmentCollectionViewCell.swift in Sources */ = {isa = PBXBuildFile; fileRef = CED5ADAA2716BBFD00CDCAA9 /* TeamRecruitmentCollectionViewCell.swift */; };
		CED5ADAD2716BBFD00CDCAA9 /* TeamRecruitmentCollectionViewCell.xib in Resources */ = {isa = PBXBuildFile; fileRef = CED5ADAB2716BBFD00CDCAA9 /* TeamRecruitmentCollectionViewCell.xib */; };
/* End PBXBuildFile section */

/* Begin PBXFileReference section */
		3D20131AEAD19181CEF5CF7C /* Pods_Budi.framework */ = {isa = PBXFileReference; explicitFileType = wrapper.framework; includeInIndex = 0; path = Pods_Budi.framework; sourceTree = BUILT_PRODUCTS_DIR; };
		4AEC87C415DF15561273F3FF /* Pods-Budi.debug.xcconfig */ = {isa = PBXFileReference; includeInIndex = 1; lastKnownFileType = text.xcconfig; name = "Pods-Budi.debug.xcconfig"; path = "Target Support Files/Pods-Budi/Pods-Budi.debug.xcconfig"; sourceTree = "<group>"; };
		5ED224FE271756440013CEB8 /* TeamRecruitmentWritingDescriptionCell.swift */ = {isa = PBXFileReference; lastKnownFileType = sourcecode.swift; path = TeamRecruitmentWritingDescriptionCell.swift; sourceTree = "<group>"; };
		5ED224FF271756440013CEB8 /* TeamRecruitmentWritingDescriptionCell.xib */ = {isa = PBXFileReference; lastKnownFileType = file.xib; path = TeamRecruitmentWritingDescriptionCell.xib; sourceTree = "<group>"; };
		5ED22502271757D00013CEB8 /* TeamRecruitmentWritingPartCell.swift */ = {isa = PBXFileReference; lastKnownFileType = sourcecode.swift; path = TeamRecruitmentWritingPartCell.swift; sourceTree = "<group>"; };
		5ED22503271757D00013CEB8 /* TeamRecruitmentWritingPartCell.xib */ = {isa = PBXFileReference; lastKnownFileType = file.xib; path = TeamRecruitmentWritingPartCell.xib; sourceTree = "<group>"; };
		5ED225062717DF5C0013CEB8 /* TeamRecruitmentWritingMemberCell.swift */ = {isa = PBXFileReference; lastKnownFileType = sourcecode.swift; path = TeamRecruitmentWritingMemberCell.swift; sourceTree = "<group>"; };
		5ED225072717DF5C0013CEB8 /* TeamRecruitmentWritingMemberCell.xib */ = {isa = PBXFileReference; lastKnownFileType = file.xib; path = TeamRecruitmentWritingMemberCell.xib; sourceTree = "<group>"; };
		5ED2250A2717DF8D0013CEB8 /* TeamRecruitmentWritingLocationCell.swift */ = {isa = PBXFileReference; lastKnownFileType = sourcecode.swift; path = TeamRecruitmentWritingLocationCell.swift; sourceTree = "<group>"; };
		5ED2250B2717DF8E0013CEB8 /* TeamRecruitmentWritingLocationCell.xib */ = {isa = PBXFileReference; lastKnownFileType = file.xib; path = TeamRecruitmentWritingLocationCell.xib; sourceTree = "<group>"; };
		84D727CBB17AD63DD79D7083 /* Pods-Budi.release.xcconfig */ = {isa = PBXFileReference; includeInIndex = 1; lastKnownFileType = text.xcconfig; name = "Pods-Budi.release.xcconfig"; path = "Target Support Files/Pods-Budi/Pods-Budi.release.xcconfig"; sourceTree = "<group>"; };
		A865B7BE2717F4B6006E244F /* SelectPhotoCollectionViewCell.xib */ = {isa = PBXFileReference; fileEncoding = 4; lastKnownFileType = file.xib; path = SelectPhotoCollectionViewCell.xib; sourceTree = "<group>"; };
		A865B7BF2717F4B6006E244F /* LocationCollectionViewCell.swift */ = {isa = PBXFileReference; fileEncoding = 4; lastKnownFileType = sourcecode.swift; path = LocationCollectionViewCell.swift; sourceTree = "<group>"; };
		A865B7C02717F4B6006E244F /* CalendarCollectionViewCell.xib */ = {isa = PBXFileReference; fileEncoding = 4; lastKnownFileType = file.xib; path = CalendarCollectionViewCell.xib; sourceTree = "<group>"; };
		A865B7C12717F4B6006E244F /* LocationCollectionViewCell.xib */ = {isa = PBXFileReference; fileEncoding = 4; lastKnownFileType = file.xib; path = LocationCollectionViewCell.xib; sourceTree = "<group>"; };
		A865B7C22717F4B6006E244F /* CalendarCollectionViewCell.swift */ = {isa = PBXFileReference; fileEncoding = 4; lastKnownFileType = sourcecode.swift; path = CalendarCollectionViewCell.swift; sourceTree = "<group>"; };
		A865B7C52717F4B6006E244F /* SelectPhotoCollectionViewCell.swift */ = {isa = PBXFileReference; fileEncoding = 4; lastKnownFileType = sourcecode.swift; path = SelectPhotoCollectionViewCell.swift; sourceTree = "<group>"; };
		A865B7CE2717F8AE006E244F /* ProjectNameCollectionViewCell.xib */ = {isa = PBXFileReference; fileEncoding = 4; lastKnownFileType = file.xib; path = ProjectNameCollectionViewCell.xib; sourceTree = "<group>"; };
		A865B7CF2717F8AE006E244F /* ProjectNameCollectionViewCell.swift */ = {isa = PBXFileReference; fileEncoding = 4; lastKnownFileType = sourcecode.swift; path = ProjectNameCollectionViewCell.swift; sourceTree = "<group>"; };
		B97DBB9427147D970018C1D2 /* UIViewController+identifer.swift */ = {isa = PBXFileReference; lastKnownFileType = sourcecode.swift; path = "UIViewController+identifer.swift"; sourceTree = "<group>"; };
		B9BF787027004094000BE0EF /* Budi.app */ = {isa = PBXFileReference; explicitFileType = wrapper.application; includeInIndex = 0; path = Budi.app; sourceTree = BUILT_PRODUCTS_DIR; };
		B9BF787327004094000BE0EF /* AppDelegate.swift */ = {isa = PBXFileReference; lastKnownFileType = sourcecode.swift; path = AppDelegate.swift; sourceTree = "<group>"; };
		B9BF787527004095000BE0EF /* SceneDelegate.swift */ = {isa = PBXFileReference; lastKnownFileType = sourcecode.swift; path = SceneDelegate.swift; sourceTree = "<group>"; };
		B9BF787A27004095000BE0EF /* Base */ = {isa = PBXFileReference; lastKnownFileType = file.storyboard; name = Base; path = Base.lproj/Main.storyboard; sourceTree = "<group>"; };
		B9BF787C27004096000BE0EF /* Assets.xcassets */ = {isa = PBXFileReference; lastKnownFileType = folder.assetcatalog; path = Assets.xcassets; sourceTree = "<group>"; };
		B9BF787F27004096000BE0EF /* Base */ = {isa = PBXFileReference; lastKnownFileType = file.storyboard; name = Base; path = Base.lproj/LaunchScreen.storyboard; sourceTree = "<group>"; };
		B9BF788127004096000BE0EF /* Info.plist */ = {isa = PBXFileReference; lastKnownFileType = text.plist.xml; path = Info.plist; sourceTree = "<group>"; };
		B9D66EB827146DF900668490 /* TabBarCoordinator.swift */ = {isa = PBXFileReference; lastKnownFileType = sourcecode.swift; path = TabBarCoordinator.swift; sourceTree = "<group>"; };
		B9D66EBA27146E1F00668490 /* MainTabBarCoordinator.swift */ = {isa = PBXFileReference; lastKnownFileType = sourcecode.swift; path = MainTabBarCoordinator.swift; sourceTree = "<group>"; };
		B9D66EBC27146E4300668490 /* NavigationCoordinator.swift */ = {isa = PBXFileReference; lastKnownFileType = sourcecode.swift; path = NavigationCoordinator.swift; sourceTree = "<group>"; };
		B9D66EBE27146F2F00668490 /* TeamRecruitmentCoordinator.swift */ = {isa = PBXFileReference; lastKnownFileType = sourcecode.swift; path = TeamRecruitmentCoordinator.swift; sourceTree = "<group>"; };
		B9D66EC32714703B00668490 /* TeamSearchCoordinator.swift */ = {isa = PBXFileReference; lastKnownFileType = sourcecode.swift; path = TeamSearchCoordinator.swift; sourceTree = "<group>"; };
		B9D66EC52714706700668490 /* ChattingCoordinator.swift */ = {isa = PBXFileReference; lastKnownFileType = sourcecode.swift; path = ChattingCoordinator.swift; sourceTree = "<group>"; };
		B9D66EC72714707000668490 /* MyBudiCoordinator.swift */ = {isa = PBXFileReference; lastKnownFileType = sourcecode.swift; path = MyBudiCoordinator.swift; sourceTree = "<group>"; };
		B9D66ECB2714716400668490 /* TeamRecruitmentViewController.swift */ = {isa = PBXFileReference; lastKnownFileType = sourcecode.swift; path = TeamRecruitmentViewController.swift; sourceTree = "<group>"; };
		B9D66ECD27147AEA00668490 /* TeamRecruitmentWritingViewController.swift */ = {isa = PBXFileReference; lastKnownFileType = sourcecode.swift; path = TeamRecruitmentWritingViewController.swift; sourceTree = "<group>"; };
		CE79E3102717239400935133 /* .swiftlint.yml */ = {isa = PBXFileReference; lastKnownFileType = text.yaml; path = .swiftlint.yml; sourceTree = "<group>"; };
		CED5ADAA2716BBFD00CDCAA9 /* TeamRecruitmentCollectionViewCell.swift */ = {isa = PBXFileReference; lastKnownFileType = sourcecode.swift; path = TeamRecruitmentCollectionViewCell.swift; sourceTree = "<group>"; };
		CED5ADAB2716BBFD00CDCAA9 /* TeamRecruitmentCollectionViewCell.xib */ = {isa = PBXFileReference; lastKnownFileType = file.xib; path = TeamRecruitmentCollectionViewCell.xib; sourceTree = "<group>"; };
/* End PBXFileReference section */

/* Begin PBXFrameworksBuildPhase section */
		B9BF786D27004094000BE0EF /* Frameworks */ = {
			isa = PBXFrameworksBuildPhase;
			buildActionMask = 2147483647;
			files = (
				7C2060A1B418A53F47747CDA /* Pods_Budi.framework in Frameworks */,
			);
			runOnlyForDeploymentPostprocessing = 0;
		};
/* End PBXFrameworksBuildPhase section */

/* Begin PBXGroup section */
		4ACE130FE2C1A6782D4E0BF9 /* Pods */ = {
			isa = PBXGroup;
			children = (
				4AEC87C415DF15561273F3FF /* Pods-Budi.debug.xcconfig */,
				84D727CBB17AD63DD79D7083 /* Pods-Budi.release.xcconfig */,
			);
			path = Pods;
			sourceTree = "<group>";
		};
		6D6A3400F6B2EDCC4DA1B232 /* Frameworks */ = {
			isa = PBXGroup;
			children = (
				3D20131AEAD19181CEF5CF7C /* Pods_Budi.framework */,
			);
			name = Frameworks;
			sourceTree = "<group>";
		};
		A865B7BD2717F47F006E244F /* Cells */ = {
			isa = PBXGroup;
			children = (
				A865B7CF2717F8AE006E244F /* ProjectNameCollectionViewCell.swift */,
				A865B7CE2717F8AE006E244F /* ProjectNameCollectionViewCell.xib */,
				A865B7C22717F4B6006E244F /* CalendarCollectionViewCell.swift */,
				A865B7C02717F4B6006E244F /* CalendarCollectionViewCell.xib */,
				A865B7BF2717F4B6006E244F /* LocationCollectionViewCell.swift */,
				A865B7C12717F4B6006E244F /* LocationCollectionViewCell.xib */,
				A865B7C52717F4B6006E244F /* SelectPhotoCollectionViewCell.swift */,
				A865B7BE2717F4B6006E244F /* SelectPhotoCollectionViewCell.xib */,
			);
			path = Cells;
			sourceTree = "<group>";
		};
		B9BF786727004094000BE0EF = {
			isa = PBXGroup;
			children = (
				B9BF787227004094000BE0EF /* Budi */,
				B9BF787127004094000BE0EF /* Products */,
				4ACE130FE2C1A6782D4E0BF9 /* Pods */,
				6D6A3400F6B2EDCC4DA1B232 /* Frameworks */,
			);
			sourceTree = "<group>";
		};
		B9BF787127004094000BE0EF /* Products */ = {
			isa = PBXGroup;
			children = (
				B9BF787027004094000BE0EF /* Budi.app */,
			);
			name = Products;
			sourceTree = "<group>";
		};
		B9BF787227004094000BE0EF /* Budi */ = {
			isa = PBXGroup;
			children = (
				B9D66EB2271469AB00668490 /* Resource */,
				B9D66EB12714693700668490 /* Source */,
				CE79E3102717239400935133 /* .swiftlint.yml */,
			);
			path = Budi;
			sourceTree = "<group>";
		};
		B9D66EB12714693700668490 /* Source */ = {
			isa = PBXGroup;
			children = (
				B9D66ECF27147B0E00668490 /* extension */,
				B9D66EB627146B5000668490 /* Storyborads */,
				B9D66EB727146DB600668490 /* Coordinators */,
				B9D66EB4271469DE00668490 /* TeamRecruitment */,
				B9D66EC027146FFC00668490 /* TeamSearch */,
				B9D66EC12714700900668490 /* Chatting */,
				B9D66EC22714701000668490 /* MyBudi */,
				B9D66EB3271469C700668490 /* System */,
			);
			path = Source;
			sourceTree = "<group>";
		};
		B9D66EB2271469AB00668490 /* Resource */ = {
			isa = PBXGroup;
			children = (
				B9BF787C27004096000BE0EF /* Assets.xcassets */,
				B9BF788127004096000BE0EF /* Info.plist */,
			);
			path = Resource;
			sourceTree = "<group>";
		};
		B9D66EB3271469C700668490 /* System */ = {
			isa = PBXGroup;
			children = (
				B9BF787327004094000BE0EF /* AppDelegate.swift */,
				B9BF787527004095000BE0EF /* SceneDelegate.swift */,
			);
			path = System;
			sourceTree = "<group>";
		};
		B9D66EB4271469DE00668490 /* TeamRecruitment */ = {
			isa = PBXGroup;
			children = (
				A865B7BD2717F47F006E244F /* Cells */,
				B9D66EBE27146F2F00668490 /* TeamRecruitmentCoordinator.swift */,
				B9D66ECB2714716400668490 /* TeamRecruitmentViewController.swift */,
				B9D66ECD27147AEA00668490 /* TeamRecruitmentWritingViewController.swift */,
				CED5ADAA2716BBFD00CDCAA9 /* TeamRecruitmentCollectionViewCell.swift */,
				CED5ADAB2716BBFD00CDCAA9 /* TeamRecruitmentCollectionViewCell.xib */,
				5ED2250A2717DF8D0013CEB8 /* TeamRecruitmentWritingLocationCell.swift */,
				5ED2250B2717DF8E0013CEB8 /* TeamRecruitmentWritingLocationCell.xib */,
				5ED225062717DF5C0013CEB8 /* TeamRecruitmentWritingMemberCell.swift */,
				5ED225072717DF5C0013CEB8 /* TeamRecruitmentWritingMemberCell.xib */,
				5ED224FE271756440013CEB8 /* TeamRecruitmentWritingDescriptionCell.swift */,
				5ED224FF271756440013CEB8 /* TeamRecruitmentWritingDescriptionCell.xib */,
				5ED22502271757D00013CEB8 /* TeamRecruitmentWritingPartCell.swift */,
				5ED22503271757D00013CEB8 /* TeamRecruitmentWritingPartCell.xib */,
			);
			path = TeamRecruitment;
			sourceTree = "<group>";
		};
		B9D66EB627146B5000668490 /* Storyborads */ = {
			isa = PBXGroup;
			children = (
				B9BF787E27004096000BE0EF /* LaunchScreen.storyboard */,
				B9BF787927004095000BE0EF /* Main.storyboard */,
			);
			path = Storyborads;
			sourceTree = "<group>";
		};
		B9D66EB727146DB600668490 /* Coordinators */ = {
			isa = PBXGroup;
			children = (
				B9D66EB827146DF900668490 /* TabBarCoordinator.swift */,
				B9D66EBA27146E1F00668490 /* MainTabBarCoordinator.swift */,
				B9D66EBC27146E4300668490 /* NavigationCoordinator.swift */,
			);
			path = Coordinators;
			sourceTree = "<group>";
		};
		B9D66EC027146FFC00668490 /* TeamSearch */ = {
			isa = PBXGroup;
			children = (
				B9D66EC32714703B00668490 /* TeamSearchCoordinator.swift */,
			);
			path = TeamSearch;
			sourceTree = "<group>";
		};
		B9D66EC12714700900668490 /* Chatting */ = {
			isa = PBXGroup;
			children = (
				B9D66EC52714706700668490 /* ChattingCoordinator.swift */,
			);
			path = Chatting;
			sourceTree = "<group>";
		};
		B9D66EC22714701000668490 /* MyBudi */ = {
			isa = PBXGroup;
			children = (
				B9D66EC72714707000668490 /* MyBudiCoordinator.swift */,
			);
			path = MyBudi;
			sourceTree = "<group>";
		};
		B9D66ECF27147B0E00668490 /* extension */ = {
			isa = PBXGroup;
			children = (
				B97DBB9427147D970018C1D2 /* UIViewController+identifer.swift */,
			);
			path = extension;
			sourceTree = "<group>";
		};
/* End PBXGroup section */

/* Begin PBXNativeTarget section */
		B9BF786F27004094000BE0EF /* Budi */ = {
			isa = PBXNativeTarget;
			buildConfigurationList = B9BF788427004096000BE0EF /* Build configuration list for PBXNativeTarget "Budi" */;
			buildPhases = (
				62F2D9D4CDF3A5B6CD27530D /* [CP] Check Pods Manifest.lock */,
				B9BF786C27004094000BE0EF /* Sources */,
				B9BF786D27004094000BE0EF /* Frameworks */,
				B9BF786E27004094000BE0EF /* Resources */,
				B9BF788727004426000BE0EF /* ShellScript */,
			);
			buildRules = (
			);
			dependencies = (
			);
			name = Budi;
			productName = Budi;
			productReference = B9BF787027004094000BE0EF /* Budi.app */;
			productType = "com.apple.product-type.application";
		};
/* End PBXNativeTarget section */

/* Begin PBXProject section */
		B9BF786827004094000BE0EF /* Project object */ = {
			isa = PBXProject;
			attributes = {
				LastSwiftUpdateCheck = 1250;
				LastUpgradeCheck = 1250;
				TargetAttributes = {
					B9BF786F27004094000BE0EF = {
						CreatedOnToolsVersion = 12.5.1;
					};
				};
			};
			buildConfigurationList = B9BF786B27004094000BE0EF /* Build configuration list for PBXProject "Budi" */;
			compatibilityVersion = "Xcode 9.3";
			developmentRegion = en;
			hasScannedForEncodings = 0;
			knownRegions = (
				en,
				Base,
			);
			mainGroup = B9BF786727004094000BE0EF;
			productRefGroup = B9BF787127004094000BE0EF /* Products */;
			projectDirPath = "";
			projectRoot = "";
			targets = (
				B9BF786F27004094000BE0EF /* Budi */,
			);
		};
/* End PBXProject section */

/* Begin PBXResourcesBuildPhase section */
		B9BF786E27004094000BE0EF /* Resources */ = {
			isa = PBXResourcesBuildPhase;
			buildActionMask = 2147483647;
			files = (
				CE79E3112717239400935133 /* .swiftlint.yml in Resources */,
				5ED22505271757D00013CEB8 /* TeamRecruitmentWritingPartCell.xib in Resources */,
				5ED225092717DF5C0013CEB8 /* TeamRecruitmentWritingMemberCell.xib in Resources */,
				5ED2250D2717DF8E0013CEB8 /* TeamRecruitmentWritingLocationCell.xib in Resources */,
				5ED22501271756440013CEB8 /* TeamRecruitmentWritingDescriptionCell.xib in Resources */,
				A865B7C62717F4B6006E244F /* SelectPhotoCollectionViewCell.xib in Resources */,
				B9BF788027004096000BE0EF /* LaunchScreen.storyboard in Resources */,
				B9BF787D27004096000BE0EF /* Assets.xcassets in Resources */,
				A865B7C82717F4B6006E244F /* CalendarCollectionViewCell.xib in Resources */,
				A865B7D02717F8AE006E244F /* ProjectNameCollectionViewCell.xib in Resources */,
				CED5ADAD2716BBFD00CDCAA9 /* TeamRecruitmentCollectionViewCell.xib in Resources */,
				B9BF787B27004095000BE0EF /* Main.storyboard in Resources */,
				A865B7C92717F4B6006E244F /* LocationCollectionViewCell.xib in Resources */,
			);
			runOnlyForDeploymentPostprocessing = 0;
		};
/* End PBXResourcesBuildPhase section */

/* Begin PBXShellScriptBuildPhase section */
		62F2D9D4CDF3A5B6CD27530D /* [CP] Check Pods Manifest.lock */ = {
			isa = PBXShellScriptBuildPhase;
			buildActionMask = 2147483647;
			files = (
			);
			inputFileListPaths = (
			);
			inputPaths = (
				"${PODS_PODFILE_DIR_PATH}/Podfile.lock",
				"${PODS_ROOT}/Manifest.lock",
			);
			name = "[CP] Check Pods Manifest.lock";
			outputFileListPaths = (
			);
			outputPaths = (
				"$(DERIVED_FILE_DIR)/Pods-Budi-checkManifestLockResult.txt",
			);
			runOnlyForDeploymentPostprocessing = 0;
			shellPath = /bin/sh;
			shellScript = "diff \"${PODS_PODFILE_DIR_PATH}/Podfile.lock\" \"${PODS_ROOT}/Manifest.lock\" > /dev/null\nif [ $? != 0 ] ; then\n    # print error to STDERR\n    echo \"error: The sandbox is not in sync with the Podfile.lock. Run 'pod install' or update your CocoaPods installation.\" >&2\n    exit 1\nfi\n# This output is used by Xcode 'outputs' to avoid re-running this script phase.\necho \"SUCCESS\" > \"${SCRIPT_OUTPUT_FILE_0}\"\n";
			showEnvVarsInLog = 0;
		};
		B9BF788727004426000BE0EF /* ShellScript */ = {
			isa = PBXShellScriptBuildPhase;
			buildActionMask = 2147483647;
			files = (
			);
			inputFileListPaths = (
			);
			inputPaths = (
			);
			outputFileListPaths = (
			);
			outputPaths = (
			);
			runOnlyForDeploymentPostprocessing = 0;
			shellPath = /bin/sh;
			shellScript = "# Type a script or drag a script file from your workspace to insert its path.\n\n${PODS_ROOT}/SwiftLint/swiftlint\n";
		};
/* End PBXShellScriptBuildPhase section */

/* Begin PBXSourcesBuildPhase section */
		B9BF786C27004094000BE0EF /* Sources */ = {
			isa = PBXSourcesBuildPhase;
			buildActionMask = 2147483647;
			files = (
				B9D66ECE27147AEA00668490 /* TeamRecruitmentWritingViewController.swift in Sources */,
				B9D66ECC2714716400668490 /* TeamRecruitmentViewController.swift in Sources */,
				B9D66EBB27146E1F00668490 /* MainTabBarCoordinator.swift in Sources */,
				5ED2250C2717DF8E0013CEB8 /* TeamRecruitmentWritingLocationCell.swift in Sources */,
				5ED22504271757D00013CEB8 /* TeamRecruitmentWritingPartCell.swift in Sources */,
				B9D66EC62714706700668490 /* ChattingCoordinator.swift in Sources */,
				B9BF787427004094000BE0EF /* AppDelegate.swift in Sources */,
				5ED225082717DF5C0013CEB8 /* TeamRecruitmentWritingMemberCell.swift in Sources */,
				B97DBB9527147D970018C1D2 /* UIViewController+identifer.swift in Sources */,
				A865B7D12717F8AE006E244F /* ProjectNameCollectionViewCell.swift in Sources */,
				B9D66EB927146DF900668490 /* TabBarCoordinator.swift in Sources */,
				B9D66EBF27146F2F00668490 /* TeamRecruitmentCoordinator.swift in Sources */,
				A865B7CD2717F4B6006E244F /* SelectPhotoCollectionViewCell.swift in Sources */,
				CED5ADAC2716BBFD00CDCAA9 /* TeamRecruitmentCollectionViewCell.swift in Sources */,
				5ED22500271756440013CEB8 /* TeamRecruitmentWritingDescriptionCell.swift in Sources */,
				A865B7CA2717F4B6006E244F /* CalendarCollectionViewCell.swift in Sources */,
				B9D66EC82714707000668490 /* MyBudiCoordinator.swift in Sources */,
				B9D66EBD27146E4300668490 /* NavigationCoordinator.swift in Sources */,
				B9BF787627004095000BE0EF /* SceneDelegate.swift in Sources */,
				A865B7C72717F4B6006E244F /* LocationCollectionViewCell.swift in Sources */,
				B9D66EC42714703B00668490 /* TeamSearchCoordinator.swift in Sources */,
			);
			runOnlyForDeploymentPostprocessing = 0;
		};
/* End PBXSourcesBuildPhase section */

/* Begin PBXVariantGroup section */
		B9BF787927004095000BE0EF /* Main.storyboard */ = {
			isa = PBXVariantGroup;
			children = (
				B9BF787A27004095000BE0EF /* Base */,
			);
			name = Main.storyboard;
			sourceTree = "<group>";
		};
		B9BF787E27004096000BE0EF /* LaunchScreen.storyboard */ = {
			isa = PBXVariantGroup;
			children = (
				B9BF787F27004096000BE0EF /* Base */,
			);
			name = LaunchScreen.storyboard;
			sourceTree = "<group>";
		};
/* End PBXVariantGroup section */

/* Begin XCBuildConfiguration section */
		B9BF788227004096000BE0EF /* Debug */ = {
			isa = XCBuildConfiguration;
			buildSettings = {
				ALWAYS_SEARCH_USER_PATHS = NO;
				CLANG_ANALYZER_NONNULL = YES;
				CLANG_ANALYZER_NUMBER_OBJECT_CONVERSION = YES_AGGRESSIVE;
				CLANG_CXX_LANGUAGE_STANDARD = "gnu++14";
				CLANG_CXX_LIBRARY = "libc++";
				CLANG_ENABLE_MODULES = YES;
				CLANG_ENABLE_OBJC_ARC = YES;
				CLANG_ENABLE_OBJC_WEAK = YES;
				CLANG_WARN_BLOCK_CAPTURE_AUTORELEASING = YES;
				CLANG_WARN_BOOL_CONVERSION = YES;
				CLANG_WARN_COMMA = YES;
				CLANG_WARN_CONSTANT_CONVERSION = YES;
				CLANG_WARN_DEPRECATED_OBJC_IMPLEMENTATIONS = YES;
				CLANG_WARN_DIRECT_OBJC_ISA_USAGE = YES_ERROR;
				CLANG_WARN_DOCUMENTATION_COMMENTS = YES;
				CLANG_WARN_EMPTY_BODY = YES;
				CLANG_WARN_ENUM_CONVERSION = YES;
				CLANG_WARN_INFINITE_RECURSION = YES;
				CLANG_WARN_INT_CONVERSION = YES;
				CLANG_WARN_NON_LITERAL_NULL_CONVERSION = YES;
				CLANG_WARN_OBJC_IMPLICIT_RETAIN_SELF = YES;
				CLANG_WARN_OBJC_LITERAL_CONVERSION = YES;
				CLANG_WARN_OBJC_ROOT_CLASS = YES_ERROR;
				CLANG_WARN_QUOTED_INCLUDE_IN_FRAMEWORK_HEADER = YES;
				CLANG_WARN_RANGE_LOOP_ANALYSIS = YES;
				CLANG_WARN_STRICT_PROTOTYPES = YES;
				CLANG_WARN_SUSPICIOUS_MOVE = YES;
				CLANG_WARN_UNGUARDED_AVAILABILITY = YES_AGGRESSIVE;
				CLANG_WARN_UNREACHABLE_CODE = YES;
				CLANG_WARN__DUPLICATE_METHOD_MATCH = YES;
				COPY_PHASE_STRIP = NO;
				DEBUG_INFORMATION_FORMAT = dwarf;
				ENABLE_STRICT_OBJC_MSGSEND = YES;
				ENABLE_TESTABILITY = YES;
				GCC_C_LANGUAGE_STANDARD = gnu11;
				GCC_DYNAMIC_NO_PIC = NO;
				GCC_NO_COMMON_BLOCKS = YES;
				GCC_OPTIMIZATION_LEVEL = 0;
				GCC_PREPROCESSOR_DEFINITIONS = (
					"DEBUG=1",
					"$(inherited)",
				);
				GCC_WARN_64_TO_32_BIT_CONVERSION = YES;
				GCC_WARN_ABOUT_RETURN_TYPE = YES_ERROR;
				GCC_WARN_UNDECLARED_SELECTOR = YES;
				GCC_WARN_UNINITIALIZED_AUTOS = YES_AGGRESSIVE;
				GCC_WARN_UNUSED_FUNCTION = YES;
				GCC_WARN_UNUSED_VARIABLE = YES;
				IPHONEOS_DEPLOYMENT_TARGET = 14.0;
				MTL_ENABLE_DEBUG_INFO = INCLUDE_SOURCE;
				MTL_FAST_MATH = YES;
				ONLY_ACTIVE_ARCH = YES;
				SDKROOT = iphoneos;
				SWIFT_ACTIVE_COMPILATION_CONDITIONS = DEBUG;
				SWIFT_OPTIMIZATION_LEVEL = "-Onone";
			};
			name = Debug;
		};
		B9BF788327004096000BE0EF /* Release */ = {
			isa = XCBuildConfiguration;
			buildSettings = {
				ALWAYS_SEARCH_USER_PATHS = NO;
				CLANG_ANALYZER_NONNULL = YES;
				CLANG_ANALYZER_NUMBER_OBJECT_CONVERSION = YES_AGGRESSIVE;
				CLANG_CXX_LANGUAGE_STANDARD = "gnu++14";
				CLANG_CXX_LIBRARY = "libc++";
				CLANG_ENABLE_MODULES = YES;
				CLANG_ENABLE_OBJC_ARC = YES;
				CLANG_ENABLE_OBJC_WEAK = YES;
				CLANG_WARN_BLOCK_CAPTURE_AUTORELEASING = YES;
				CLANG_WARN_BOOL_CONVERSION = YES;
				CLANG_WARN_COMMA = YES;
				CLANG_WARN_CONSTANT_CONVERSION = YES;
				CLANG_WARN_DEPRECATED_OBJC_IMPLEMENTATIONS = YES;
				CLANG_WARN_DIRECT_OBJC_ISA_USAGE = YES_ERROR;
				CLANG_WARN_DOCUMENTATION_COMMENTS = YES;
				CLANG_WARN_EMPTY_BODY = YES;
				CLANG_WARN_ENUM_CONVERSION = YES;
				CLANG_WARN_INFINITE_RECURSION = YES;
				CLANG_WARN_INT_CONVERSION = YES;
				CLANG_WARN_NON_LITERAL_NULL_CONVERSION = YES;
				CLANG_WARN_OBJC_IMPLICIT_RETAIN_SELF = YES;
				CLANG_WARN_OBJC_LITERAL_CONVERSION = YES;
				CLANG_WARN_OBJC_ROOT_CLASS = YES_ERROR;
				CLANG_WARN_QUOTED_INCLUDE_IN_FRAMEWORK_HEADER = YES;
				CLANG_WARN_RANGE_LOOP_ANALYSIS = YES;
				CLANG_WARN_STRICT_PROTOTYPES = YES;
				CLANG_WARN_SUSPICIOUS_MOVE = YES;
				CLANG_WARN_UNGUARDED_AVAILABILITY = YES_AGGRESSIVE;
				CLANG_WARN_UNREACHABLE_CODE = YES;
				CLANG_WARN__DUPLICATE_METHOD_MATCH = YES;
				COPY_PHASE_STRIP = NO;
				DEBUG_INFORMATION_FORMAT = "dwarf-with-dsym";
				ENABLE_NS_ASSERTIONS = NO;
				ENABLE_STRICT_OBJC_MSGSEND = YES;
				GCC_C_LANGUAGE_STANDARD = gnu11;
				GCC_NO_COMMON_BLOCKS = YES;
				GCC_WARN_64_TO_32_BIT_CONVERSION = YES;
				GCC_WARN_ABOUT_RETURN_TYPE = YES_ERROR;
				GCC_WARN_UNDECLARED_SELECTOR = YES;
				GCC_WARN_UNINITIALIZED_AUTOS = YES_AGGRESSIVE;
				GCC_WARN_UNUSED_FUNCTION = YES;
				GCC_WARN_UNUSED_VARIABLE = YES;
				IPHONEOS_DEPLOYMENT_TARGET = 14.0;
				MTL_ENABLE_DEBUG_INFO = NO;
				MTL_FAST_MATH = YES;
				SDKROOT = iphoneos;
				SWIFT_COMPILATION_MODE = wholemodule;
				SWIFT_OPTIMIZATION_LEVEL = "-O";
				VALIDATE_PRODUCT = YES;
			};
			name = Release;
		};
		B9BF788527004096000BE0EF /* Debug */ = {
			isa = XCBuildConfiguration;
			baseConfigurationReference = 4AEC87C415DF15561273F3FF /* Pods-Budi.debug.xcconfig */;
			buildSettings = {
				ASSETCATALOG_COMPILER_APPICON_NAME = AppIcon;
				ASSETCATALOG_COMPILER_GLOBAL_ACCENT_COLOR_NAME = AccentColor;
				CODE_SIGN_STYLE = Automatic;
				DEVELOPMENT_TEAM = V37X2D6JM3;
				INFOPLIST_FILE = Budi/Resource/Info.plist;
				LD_RUNPATH_SEARCH_PATHS = (
					"$(inherited)",
					"@executable_path/Frameworks",
				);
				PRODUCT_BUNDLE_IDENTIFIER = kr.dochoi.Budi;
				PRODUCT_NAME = "$(TARGET_NAME)";
				SWIFT_VERSION = 5.0;
				TARGETED_DEVICE_FAMILY = "1,2";
			};
			name = Debug;
		};
		B9BF788627004096000BE0EF /* Release */ = {
			isa = XCBuildConfiguration;
			baseConfigurationReference = 84D727CBB17AD63DD79D7083 /* Pods-Budi.release.xcconfig */;
			buildSettings = {
				ASSETCATALOG_COMPILER_APPICON_NAME = AppIcon;
				ASSETCATALOG_COMPILER_GLOBAL_ACCENT_COLOR_NAME = AccentColor;
				CODE_SIGN_STYLE = Automatic;
				DEVELOPMENT_TEAM = V37X2D6JM3;
				INFOPLIST_FILE = Budi/Resource/Info.plist;
				LD_RUNPATH_SEARCH_PATHS = (
					"$(inherited)",
					"@executable_path/Frameworks",
				);
				PRODUCT_BUNDLE_IDENTIFIER = kr.dochoi.Budi;
				PRODUCT_NAME = "$(TARGET_NAME)";
				SWIFT_VERSION = 5.0;
				TARGETED_DEVICE_FAMILY = "1,2";
			};
			name = Release;
		};
/* End XCBuildConfiguration section */

/* Begin XCConfigurationList section */
		B9BF786B27004094000BE0EF /* Build configuration list for PBXProject "Budi" */ = {
			isa = XCConfigurationList;
			buildConfigurations = (
				B9BF788227004096000BE0EF /* Debug */,
				B9BF788327004096000BE0EF /* Release */,
			);
			defaultConfigurationIsVisible = 0;
			defaultConfigurationName = Release;
		};
		B9BF788427004096000BE0EF /* Build configuration list for PBXNativeTarget "Budi" */ = {
			isa = XCConfigurationList;
			buildConfigurations = (
				B9BF788527004096000BE0EF /* Debug */,
				B9BF788627004096000BE0EF /* Release */,
			);
			defaultConfigurationIsVisible = 0;
			defaultConfigurationName = Release;
		};
/* End XCConfigurationList section */
	};
	rootObject = B9BF786827004094000BE0EF /* Project object */;
}
