PODS:
  - naveridlogin-sdk-ios (4.1.3)
  - SwiftLint (0.43.1)

DEPENDENCIES:
  - naveridlogin-sdk-ios
  - SwiftLint

SPEC REPOS:
  trunk:
    - naveridlogin-sdk-ios
    - SwiftLint

SPEC CHECKSUMS:
  naveridlogin-sdk-ios: b9d7c20677981177ed994ecb1c8c2b49f223277d
  SwiftLint: 99f82d07b837b942dd563c668de129a03fc3fb52

PODFILE CHECKSUM: ecee706fc4bf1905e1cf6bd1ecf003832cfc390f

COCOAPODS: 1.11.2
